
Microsoft Visual Studio Solution File, Format Version 12.00
# Visual Studio Version 17
VisualStudioVersion = 17.11.35327.3
MinimumVisualStudioVersion = 10.0.40219.1
Project("{9A19103F-16F7-4668-BE54-9A1E7A4F7556}") = "Qybi.UOWTemplate", "Qybi.UOWTemplate\Qybi.UOWTemplate.csproj", "{CF400AA7-9955-404A-90D8-0956BA9A885C}"
EndProject
Project("{9A19103F-16F7-4668-BE54-9A1E7A4F7556}") = "Qybi.UOWTemplate.Models", "Qybi.UOWTemplate.Models\Qybi.UOWTemplate.Models.csproj", "{69005B33-C5B1-458E-9982-2CA171D37189}"
EndProject
Project("{9A19103F-16F7-4668-BE54-9A1E7A4F7556}") = "Qybi.UOWTemplate.Helpers", "Qybi.UOWTemplate.Helpers\Qybi.UOWTemplate.Helpers.csproj", "{647CB6E9-D50B-4616-B77C-159BB2F2F9BF}"
EndProject
Project("{FAE04EC0-301F-11D3-BF4B-00C04F79EFBC}") = "Qybi.UOWTemplate.DataAccess", "Qybi.UOWTemplate.DataAccess\Qybi.UOWTemplate.DataAccess.csproj", "{1DDA8AC0-F24B-48CD-BFE9-09DB7BED89C7}"
EndProject
Project("{FAE04EC0-301F-11D3-BF4B-00C04F79EFBC}") = "Qybi.UOWTemplate.DataAccess.Abstractions", "Qybi.UOWTemplate.DataAccess.Abstractions\Qybi.UOWTemplate.DataAccess.Abstractions.csproj", "{7E9EBE18-3777-4CD8-B786-DE516D6E20FA}"
EndProject
Global
	GlobalSection(SolutionConfigurationPlatforms) = preSolution
		Debug|Any CPU = Debug|Any CPU
		Release|Any CPU = Release|Any CPU
	EndGlobalSection
	GlobalSection(ProjectConfigurationPlatforms) = postSolution
		{CF400AA7-9955-404A-90D8-0956BA9A885C}.Debug|Any CPU.ActiveCfg = Debug|Any CPU
		{CF400AA7-9955-404A-90D8-0956BA9A885C}.Debug|Any CPU.Build.0 = Debug|Any CPU
		{CF400AA7-9955-404A-90D8-0956BA9A885C}.Release|Any CPU.ActiveCfg = Release|Any CPU
		{CF400AA7-9955-404A-90D8-0956BA9A885C}.Release|Any CPU.Build.0 = Release|Any CPU
		{69005B33-C5B1-458E-9982-2CA171D37189}.Debug|Any CPU.ActiveCfg = Debug|Any CPU
		{69005B33-C5B1-458E-9982-2CA171D37189}.Debug|Any CPU.Build.0 = Debug|Any CPU
		{69005B33-C5B1-458E-9982-2CA171D37189}.Release|Any CPU.ActiveCfg = Release|Any CPU
		{69005B33-C5B1-458E-9982-2CA171D37189}.Release|Any CPU.Build.0 = Release|Any CPU
		{647CB6E9-D50B-4616-B77C-159BB2F2F9BF}.Debug|Any CPU.ActiveCfg = Debug|Any CPU
		{647CB6E9-D50B-4616-B77C-159BB2F2F9BF}.Debug|Any CPU.Build.0 = Debug|Any CPU
		{647CB6E9-D50B-4616-B77C-159BB2F2F9BF}.Release|Any CPU.ActiveCfg = Release|Any CPU
		{647CB6E9-D50B-4616-B77C-159BB2F2F9BF}.Release|Any CPU.Build.0 = Release|Any CPU
		{1DDA8AC0-F24B-48CD-BFE9-09DB7BED89C7}.Debug|Any CPU.ActiveCfg = Debug|Any CPU
		{1DDA8AC0-F24B-48CD-BFE9-09DB7BED89C7}.Debug|Any CPU.Build.0 = Debug|Any CPU
		{1DDA8AC0-F24B-48CD-BFE9-09DB7BED89C7}.Release|Any CPU.ActiveCfg = Release|Any CPU
		{1DDA8AC0-F24B-48CD-BFE9-09DB7BED89C7}.Release|Any CPU.Build.0 = Release|Any CPU
		{7E9EBE18-3777-4CD8-B786-DE516D6E20FA}.Debug|Any CPU.ActiveCfg = Debug|Any CPU
		{7E9EBE18-3777-4CD8-B786-DE516D6E20FA}.Debug|Any CPU.Build.0 = Debug|Any CPU
		{7E9EBE18-3777-4CD8-B786-DE516D6E20FA}.Release|Any CPU.ActiveCfg = Release|Any CPU
		{7E9EBE18-3777-4CD8-B786-DE516D6E20FA}.Release|Any CPU.Build.0 = Release|Any CPU
	EndGlobalSection
	GlobalSection(SolutionProperties) = preSolution
		HideSolutionNode = FALSE
	EndGlobalSection
	GlobalSection(ExtensibilityGlobals) = postSolution
		SolutionGuid = {4F80BF30-D113-4799-BE5F-A6B7BF98D0E9}
	EndGlobalSection
EndGlobal
